
Microsoft Visual Studio Solution File, Format Version 12.00
# Visual Studio 14
VisualStudioVersion = 14.0.25420.1
MinimumVisualStudioVersion = 10.0.40219.1
Project("{FAE04EC0-301F-11D3-BF4B-00C04F79EFBC}") = "KH", "KH\KH.csproj", "{B2330957-62B7-4FE7-A6AB-287CEAF22225}"
EndProject
Project("{FAE04EC0-301F-11D3-BF4B-00C04F79EFBC}") = "sisend", "sisend\sisend.csproj", "{C54EDEEE-DD32-4405-AC18-B4ACAB0C9519}"
EndProject
Global
	GlobalSection(SolutionConfigurationPlatforms) = preSolution
		Debug|Any CPU = Debug|Any CPU
		DEmo|Any CPU = DEmo|Any CPU
		Release|Any CPU = Release|Any CPU
	EndGlobalSection
	GlobalSection(ProjectConfigurationPlatforms) = postSolution
		{B2330957-62B7-4FE7-A6AB-287CEAF22225}.Debug|Any CPU.ActiveCfg = Debug|Any CPU
		{B2330957-62B7-4FE7-A6AB-287CEAF22225}.Debug|Any CPU.Build.0 = Debug|Any CPU
		{B2330957-62B7-4FE7-A6AB-287CEAF22225}.DEmo|Any CPU.ActiveCfg = Debug|Any CPU
		{B2330957-62B7-4FE7-A6AB-287CEAF22225}.Release|Any CPU.ActiveCfg = Release|Any CPU
		{B2330957-62B7-4FE7-A6AB-287CEAF22225}.Release|Any CPU.Build.0 = Release|Any CPU
		{C54EDEEE-DD32-4405-AC18-B4ACAB0C9519}.Debug|Any CPU.ActiveCfg = Debug|Any CPU
		{C54EDEEE-DD32-4405-AC18-B4ACAB0C9519}.Debug|Any CPU.Build.0 = Debug|Any CPU
		{C54EDEEE-DD32-4405-AC18-B4ACAB0C9519}.DEmo|Any CPU.ActiveCfg = Debug|Any CPU
		{C54EDEEE-DD32-4405-AC18-B4ACAB0C9519}.Release|Any CPU.ActiveCfg = Release|Any CPU
		{C54EDEEE-DD32-4405-AC18-B4ACAB0C9519}.Release|Any CPU.Build.0 = Release|Any CPU
	EndGlobalSection
	GlobalSection(SolutionProperties) = preSolution
		HideSolutionNode = FALSE
	EndGlobalSection
EndGlobal
